// !$*UTF8*$!
{
	archiveVersion = 1;
	classes = {
	};
	objectVersion = 50;
	objects = {

/* Begin PBXBuildFile section */
		C77CA79E2215DB3A004EE7D7 /* AppDelegate.swift in Sources */ = {isa = PBXBuildFile; fileRef = C77CA79D2215DB3A004EE7D7 /* AppDelegate.swift */; };
		C77CA7A02215DB3A004EE7D7 /* ViewController.swift in Sources */ = {isa = PBXBuildFile; fileRef = C77CA79F2215DB3A004EE7D7 /* ViewController.swift */; };
		C77CA7A32215DB3A004EE7D7 /* Main.storyboard in Resources */ = {isa = PBXBuildFile; fileRef = C77CA7A12215DB3A004EE7D7 /* Main.storyboard */; };
		C77CA7A62215DB3A004EE7D7 /* Person_UI.xcdatamodeld in Sources */ = {isa = PBXBuildFile; fileRef = C77CA7A42215DB3A004EE7D7 /* Person_UI.xcdatamodeld */; };
		C77CA7A82215DB3C004EE7D7 /* Assets.xcassets in Resources */ = {isa = PBXBuildFile; fileRef = C77CA7A72215DB3C004EE7D7 /* Assets.xcassets */; };
		C77CA7AB2215DB3C004EE7D7 /* LaunchScreen.storyboard in Resources */ = {isa = PBXBuildFile; fileRef = C77CA7A92215DB3C004EE7D7 /* LaunchScreen.storyboard */; };
		C77CA7B62215DB3D004EE7D7 /* Person_UIUITests.swift in Sources */ = {isa = PBXBuildFile; fileRef = C77CA7B52215DB3D004EE7D7 /* Person_UIUITests.swift */; };
/* End PBXBuildFile section */

/* Begin PBXContainerItemProxy section */
		C77CA7B22215DB3D004EE7D7 /* PBXContainerItemProxy */ = {
			isa = PBXContainerItemProxy;
			containerPortal = C77CA7922215DB3A004EE7D7 /* Project object */;
			proxyType = 1;
			remoteGlobalIDString = C77CA7992215DB3A004EE7D7;
			remoteInfo = "Person UI";
		};
/* End PBXContainerItemProxy section */

/* Begin PBXFileReference section */
		C77CA79A2215DB3A004EE7D7 /* Person UI.app */ = {isa = PBXFileReference; explicitFileType = wrapper.application; includeInIndex = 0; path = "Person UI.app"; sourceTree = BUILT_PRODUCTS_DIR; };
		C77CA79D2215DB3A004EE7D7 /* AppDelegate.swift */ = {isa = PBXFileReference; lastKnownFileType = sourcecode.swift; path = AppDelegate.swift; sourceTree = "<group>"; };
		C77CA79F2215DB3A004EE7D7 /* ViewController.swift */ = {isa = PBXFileReference; lastKnownFileType = sourcecode.swift; path = ViewController.swift; sourceTree = "<group>"; };
		C77CA7A22215DB3A004EE7D7 /* Base */ = {isa = PBXFileReference; lastKnownFileType = file.storyboard; name = Base; path = Base.lproj/Main.storyboard; sourceTree = "<group>"; };
		C77CA7A52215DB3A004EE7D7 /* Person_UI.xcdatamodel */ = {isa = PBXFileReference; lastKnownFileType = wrapper.xcdatamodel; path = Person_UI.xcdatamodel; sourceTree = "<group>"; };
		C77CA7A72215DB3C004EE7D7 /* Assets.xcassets */ = {isa = PBXFileReference; lastKnownFileType = folder.assetcatalog; path = Assets.xcassets; sourceTree = "<group>"; };
		C77CA7AA2215DB3C004EE7D7 /* Base */ = {isa = PBXFileReference; lastKnownFileType = file.storyboard; name = Base; path = Base.lproj/LaunchScreen.storyboard; sourceTree = "<group>"; };
		C77CA7AC2215DB3C004EE7D7 /* Info.plist */ = {isa = PBXFileReference; lastKnownFileType = text.plist.xml; path = Info.plist; sourceTree = "<group>"; };
		C77CA7B12215DB3D004EE7D7 /* Person UIUITests.xctest */ = {isa = PBXFileReference; explicitFileType = wrapper.cfbundle; includeInIndex = 0; path = "Person UIUITests.xctest"; sourceTree = BUILT_PRODUCTS_DIR; };
		C77CA7B52215DB3D004EE7D7 /* Person_UIUITests.swift */ = {isa = PBXFileReference; lastKnownFileType = sourcecode.swift; path = Person_UIUITests.swift; sourceTree = "<group>"; };
		C77CA7B72215DB3D004EE7D7 /* Info.plist */ = {isa = PBXFileReference; lastKnownFileType = text.plist.xml; path = Info.plist; sourceTree = "<group>"; };
/* End PBXFileReference section */

/* Begin PBXFrameworksBuildPhase section */
		C77CA7972215DB3A004EE7D7 /* Frameworks */ = {
			isa = PBXFrameworksBuildPhase;
			buildActionMask = 2147483647;
			files = (
			);
			runOnlyForDeploymentPostprocessing = 0;
		};
		C77CA7AE2215DB3D004EE7D7 /* Frameworks */ = {
			isa = PBXFrameworksBuildPhase;
			buildActionMask = 2147483647;
			files = (
			);
			runOnlyForDeploymentPostprocessing = 0;
		};
/* End PBXFrameworksBuildPhase section */

/* Begin PBXGroup section */
		C77CA7912215DB3A004EE7D7 = {
			isa = PBXGroup;
			children = (
				C77CA79C2215DB3A004EE7D7 /* Person UI */,
				C77CA7B42215DB3D004EE7D7 /* Person UIUITests */,
				C77CA79B2215DB3A004EE7D7 /* Products */,
			);
			sourceTree = "<group>";
		};
		C77CA79B2215DB3A004EE7D7 /* Products */ = {
			isa = PBXGroup;
			children = (
				C77CA79A2215DB3A004EE7D7 /* Person UI.app */,
				C77CA7B12215DB3D004EE7D7 /* Person UIUITests.xctest */,
			);
			name = Products;
			sourceTree = "<group>";
		};
		C77CA79C2215DB3A004EE7D7 /* Person UI */ = {
			isa = PBXGroup;
			children = (
				C77CA79D2215DB3A004EE7D7 /* AppDelegate.swift */,
				C77CA79F2215DB3A004EE7D7 /* ViewController.swift */,
				C77CA7A12215DB3A004EE7D7 /* Main.storyboard */,
				C77CA7A72215DB3C004EE7D7 /* Assets.xcassets */,
				C77CA7A92215DB3C004EE7D7 /* LaunchScreen.storyboard */,
				C77CA7AC2215DB3C004EE7D7 /* Info.plist */,
				C77CA7A42215DB3A004EE7D7 /* Person_UI.xcdatamodeld */,
			);
			path = "Person UI";
			sourceTree = "<group>";
		};
		C77CA7B42215DB3D004EE7D7 /* Person UIUITests */ = {
			isa = PBXGroup;
			children = (
				C77CA7B52215DB3D004EE7D7 /* Person_UIUITests.swift */,
				C77CA7B72215DB3D004EE7D7 /* Info.plist */,
			);
			path = "Person UIUITests";
			sourceTree = "<group>";
		};
/* End PBXGroup section */

/* Begin PBXNativeTarget section */
		C77CA7992215DB3A004EE7D7 /* Person UI */ = {
			isa = PBXNativeTarget;
			buildConfigurationList = C77CA7BA2215DB3D004EE7D7 /* Build configuration list for PBXNativeTarget "Person UI" */;
			buildPhases = (
				C77CA7962215DB3A004EE7D7 /* Sources */,
				C77CA7972215DB3A004EE7D7 /* Frameworks */,
				C77CA7982215DB3A004EE7D7 /* Resources */,
			);
			buildRules = (
			);
			dependencies = (
			);
			name = "Person UI";
			productName = "Person UI";
			productReference = C77CA79A2215DB3A004EE7D7 /* Person UI.app */;
			productType = "com.apple.product-type.application";
		};
		C77CA7B02215DB3D004EE7D7 /* Person UIUITests */ = {
			isa = PBXNativeTarget;
			buildConfigurationList = C77CA7BD2215DB3D004EE7D7 /* Build configuration list for PBXNativeTarget "Person UIUITests" */;
			buildPhases = (
				C77CA7AD2215DB3D004EE7D7 /* Sources */,
				C77CA7AE2215DB3D004EE7D7 /* Frameworks */,
				C77CA7AF2215DB3D004EE7D7 /* Resources */,
			);
			buildRules = (
			);
			dependencies = (
				C77CA7B32215DB3D004EE7D7 /* PBXTargetDependency */,
			);
			name = "Person UIUITests";
			productName = "Person UIUITests";
			productReference = C77CA7B12215DB3D004EE7D7 /* Person UIUITests.xctest */;
			productType = "com.apple.product-type.bundle.ui-testing";
		};
/* End PBXNativeTarget section */

/* Begin PBXProject section */
		C77CA7922215DB3A004EE7D7 /* Project object */ = {
			isa = PBXProject;
			attributes = {
				LastSwiftUpdateCheck = 1010;
				LastUpgradeCheck = 1010;
				ORGANIZATIONNAME = knstz4;
				TargetAttributes = {
					C77CA7992215DB3A004EE7D7 = {
						CreatedOnToolsVersion = 10.1;
					};
					C77CA7B02215DB3D004EE7D7 = {
						CreatedOnToolsVersion = 10.1;
						TestTargetID = C77CA7992215DB3A004EE7D7;
					};
				};
			};
			buildConfigurationList = C77CA7952215DB3A004EE7D7 /* Build configuration list for PBXProject "Person UI" */;
			compatibilityVersion = "Xcode 9.3";
			developmentRegion = en;
			hasScannedForEncodings = 0;
			knownRegions = (
				en,
				Base,
			);
			mainGroup = C77CA7912215DB3A004EE7D7;
			productRefGroup = C77CA79B2215DB3A004EE7D7 /* Products */;
			projectDirPath = "";
			projectRoot = "";
			targets = (
				C77CA7992215DB3A004EE7D7 /* Person UI */,
				C77CA7B02215DB3D004EE7D7 /* Person UIUITests */,
			);
		};
/* End PBXProject section */

/* Begin PBXResourcesBuildPhase section */
		C77CA7982215DB3A004EE7D7 /* Resources */ = {
			isa = PBXResourcesBuildPhase;
			buildActionMask = 2147483647;
			files = (
				C77CA7AB2215DB3C004EE7D7 /* LaunchScreen.storyboard in Resources */,
				C77CA7A82215DB3C004EE7D7 /* Assets.xcassets in Resources */,
				C77CA7A32215DB3A004EE7D7 /* Main.storyboard in Resources */,
			);
			runOnlyForDeploymentPostprocessing = 0;
		};
		C77CA7AF2215DB3D004EE7D7 /* Resources */ = {
			isa = PBXResourcesBuildPhase;
			buildActionMask = 2147483647;
			files = (
			);
			runOnlyForDeploymentPostprocessing = 0;
		};
/* End PBXResourcesBuildPhase section */

/* Begin PBXSourcesBuildPhase section */
		C77CA7962215DB3A004EE7D7 /* Sources */ = {
			isa = PBXSourcesBuildPhase;
			buildActionMask = 2147483647;
			files = (
				C77CA7A62215DB3A004EE7D7 /* Person_UI.xcdatamodeld in Sources */,
				C77CA7A02215DB3A004EE7D7 /* ViewController.swift in Sources */,
				C77CA79E2215DB3A004EE7D7 /* AppDelegate.swift in Sources */,
			);
			runOnlyForDeploymentPostprocessing = 0;
		};
		C77CA7AD2215DB3D004EE7D7 /* Sources */ = {
			isa = PBXSourcesBuildPhase;
			buildActionMask = 2147483647;
			files = (
				C77CA7B62215DB3D004EE7D7 /* Person_UIUITests.swift in Sources */,
			);
			runOnlyForDeploymentPostprocessing = 0;
		};
/* End PBXSourcesBuildPhase section */

/* Begin PBXTargetDependency section */
		C77CA7B32215DB3D004EE7D7 /* PBXTargetDependency */ = {
			isa = PBXTargetDependency;
			target = C77CA7992215DB3A004EE7D7 /* Person UI */;
			targetProxy = C77CA7B22215DB3D004EE7D7 /* PBXContainerItemProxy */;
		};
/* End PBXTargetDependency section */

/* Begin PBXVariantGroup section */
		C77CA7A12215DB3A004EE7D7 /* Main.storyboard */ = {
			isa = PBXVariantGroup;
			children = (
				C77CA7A22215DB3A004EE7D7 /* Base */,
			);
			name = Main.storyboard;
			sourceTree = "<group>";
		};
		C77CA7A92215DB3C004EE7D7 /* LaunchScreen.storyboard */ = {
			isa = PBXVariantGroup;
			children = (
				C77CA7AA2215DB3C004EE7D7 /* Base */,
			);
			name = LaunchScreen.storyboard;
			sourceTree = "<group>";
		};
/* End PBXVariantGroup section */

/* Begin XCBuildConfiguration section */
		C77CA7B82215DB3D004EE7D7 /* Debug */ = {
			isa = XCBuildConfiguration;
			buildSettings = {
				ALWAYS_SEARCH_USER_PATHS = NO;
				CLANG_ANALYZER_NONNULL = YES;
				CLANG_ANALYZER_NUMBER_OBJECT_CONVERSION = YES_AGGRESSIVE;
				CLANG_CXX_LANGUAGE_STANDARD = "gnu++14";
				CLANG_CXX_LIBRARY = "libc++";
				CLANG_ENABLE_MODULES = YES;
				CLANG_ENABLE_OBJC_ARC = YES;
				CLANG_ENABLE_OBJC_WEAK = YES;
				CLANG_WARN_BLOCK_CAPTURE_AUTORELEASING = YES;
				CLANG_WARN_BOOL_CONVERSION = YES;
				CLANG_WARN_COMMA = YES;
				CLANG_WARN_CONSTANT_CONVERSION = YES;
				CLANG_WARN_DEPRECATED_OBJC_IMPLEMENTATIONS = YES;
				CLANG_WARN_DIRECT_OBJC_ISA_USAGE = YES_ERROR;
				CLANG_WARN_DOCUMENTATION_COMMENTS = YES;
				CLANG_WARN_EMPTY_BODY = YES;
				CLANG_WARN_ENUM_CONVERSION = YES;
				CLANG_WARN_INFINITE_RECURSION = YES;
				CLANG_WARN_INT_CONVERSION = YES;
				CLANG_WARN_NON_LITERAL_NULL_CONVERSION = YES;
				CLANG_WARN_OBJC_IMPLICIT_RETAIN_SELF = YES;
				CLANG_WARN_OBJC_LITERAL_CONVERSION = YES;
				CLANG_WARN_OBJC_ROOT_CLASS = YES_ERROR;
				CLANG_WARN_RANGE_LOOP_ANALYSIS = YES;
				CLANG_WARN_STRICT_PROTOTYPES = YES;
				CLANG_WARN_SUSPICIOUS_MOVE = YES;
				CLANG_WARN_UNGUARDED_AVAILABILITY = YES_AGGRESSIVE;
				CLANG_WARN_UNREACHABLE_CODE = YES;
				CLANG_WARN__DUPLICATE_METHOD_MATCH = YES;
				CODE_SIGN_IDENTITY = "iPhone Developer";
				COPY_PHASE_STRIP = NO;
				DEBUG_INFORMATION_FORMAT = dwarf;
				ENABLE_STRICT_OBJC_MSGSEND = YES;
				ENABLE_TESTABILITY = YES;
				GCC_C_LANGUAGE_STANDARD = gnu11;
				GCC_DYNAMIC_NO_PIC = NO;
				GCC_NO_COMMON_BLOCKS = YES;
				GCC_OPTIMIZATION_LEVEL = 0;
				GCC_PREPROCESSOR_DEFINITIONS = (
					"DEBUG=1",
					"$(inherited)",
				);
				GCC_WARN_64_TO_32_BIT_CONVERSION = YES;
				GCC_WARN_ABOUT_RETURN_TYPE = YES_ERROR;
				GCC_WARN_UNDECLARED_SELECTOR = YES;
				GCC_WARN_UNINITIALIZED_AUTOS = YES_AGGRESSIVE;
				GCC_WARN_UNUSED_FUNCTION = YES;
				GCC_WARN_UNUSED_VARIABLE = YES;
				IPHONEOS_DEPLOYMENT_TARGET = 12.1;
				MTL_ENABLE_DEBUG_INFO = INCLUDE_SOURCE;
				MTL_FAST_MATH = YES;
				ONLY_ACTIVE_ARCH = YES;
				SDKROOT = iphoneos;
				SWIFT_ACTIVE_COMPILATION_CONDITIONS = DEBUG;
				SWIFT_OPTIMIZATION_LEVEL = "-Onone";
			};
			name = Debug;
		};
		C77CA7B92215DB3D004EE7D7 /* Release */ = {
			isa = XCBuildConfiguration;
			buildSettings = {
				ALWAYS_SEARCH_USER_PATHS = NO;
				CLANG_ANALYZER_NONNULL = YES;
				CLANG_ANALYZER_NUMBER_OBJECT_CONVERSION = YES_AGGRESSIVE;
				CLANG_CXX_LANGUAGE_STANDARD = "gnu++14";
				CLANG_CXX_LIBRARY = "libc++";
				CLANG_ENABLE_MODULES = YES;
				CLANG_ENABLE_OBJC_ARC = YES;
				CLANG_ENABLE_OBJC_WEAK = YES;
				CLANG_WARN_BLOCK_CAPTURE_AUTORELEASING = YES;
				CLANG_WARN_BOOL_CONVERSION = YES;
				CLANG_WARN_COMMA = YES;
				CLANG_WARN_CONSTANT_CONVERSION = YES;
				CLANG_WARN_DEPRECATED_OBJC_IMPLEMENTATIONS = YES;
				CLANG_WARN_DIRECT_OBJC_ISA_USAGE = YES_ERROR;
				CLANG_WARN_DOCUMENTATION_COMMENTS = YES;
				CLANG_WARN_EMPTY_BODY = YES;
				CLANG_WARN_ENUM_CONVERSION = YES;
				CLANG_WARN_INFINITE_RECURSION = YES;
				CLANG_WARN_INT_CONVERSION = YES;
				CLANG_WARN_NON_LITERAL_NULL_CONVERSION = YES;
				CLANG_WARN_OBJC_IMPLICIT_RETAIN_SELF = YES;
				CLANG_WARN_OBJC_LITERAL_CONVERSION = YES;
				CLANG_WARN_OBJC_ROOT_CLASS = YES_ERROR;
				CLANG_WARN_RANGE_LOOP_ANALYSIS = YES;
				CLANG_WARN_STRICT_PROTOTYPES = YES;
				CLANG_WARN_SUSPICIOUS_MOVE = YES;
				CLANG_WARN_UNGUARDED_AVAILABILITY = YES_AGGRESSIVE;
				CLANG_WARN_UNREACHABLE_CODE = YES;
				CLANG_WARN__DUPLICATE_METHOD_MATCH = YES;
				CODE_SIGN_IDENTITY = "iPhone Developer";
				COPY_PHASE_STRIP = NO;
				DEBUG_INFORMATION_FORMAT = "dwarf-with-dsym";
				ENABLE_NS_ASSERTIONS = NO;
				ENABLE_STRICT_OBJC_MSGSEND = YES;
				GCC_C_LANGUAGE_STANDARD = gnu11;
				GCC_NO_COMMON_BLOCKS = YES;
				GCC_WARN_64_TO_32_BIT_CONVERSION = YES;
				GCC_WARN_ABOUT_RETURN_TYPE = YES_ERROR;
				GCC_WARN_UNDECLARED_SELECTOR = YES;
				GCC_WARN_UNINITIALIZED_AUTOS = YES_AGGRESSIVE;
				GCC_WARN_UNUSED_FUNCTION = YES;
				GCC_WARN_UNUSED_VARIABLE = YES;
				IPHONEOS_DEPLOYMENT_TARGET = 12.1;
				MTL_ENABLE_DEBUG_INFO = NO;
				MTL_FAST_MATH = YES;
				SDKROOT = iphoneos;
				SWIFT_COMPILATION_MODE = wholemodule;
				SWIFT_OPTIMIZATION_LEVEL = "-O";
				VALIDATE_PRODUCT = YES;
			};
			name = Release;
		};
		C77CA7BB2215DB3D004EE7D7 /* Debug */ = {
			isa = XCBuildConfiguration;
			buildSettings = {
				ASSETCATALOG_COMPILER_APPICON_NAME = AppIcon;
				CODE_SIGN_STYLE = Automatic;
				DEVELOPMENT_TEAM = W63P5UPSN5;
				INFOPLIST_FILE = "Person UI/Info.plist";
				LD_RUNPATH_SEARCH_PATHS = (
					"$(inherited)",
					"@executable_path/Frameworks",
				);
				PRODUCT_BUNDLE_IDENTIFIER = "com.knstz4.Person-UI";
				PRODUCT_NAME = "$(TARGET_NAME)";
				SWIFT_VERSION = 4.2;
				TARGETED_DEVICE_FAMILY = "1,2";
			};
			name = Debug;
		};
		C77CA7BC2215DB3D004EE7D7 /* Release */ = {
			isa = XCBuildConfiguration;
			buildSettings = {
				ASSETCATALOG_COMPILER_APPICON_NAME = AppIcon;
				CODE_SIGN_STYLE = Automatic;
				DEVELOPMENT_TEAM = W63P5UPSN5;
				INFOPLIST_FILE = "Person UI/Info.plist";
				LD_RUNPATH_SEARCH_PATHS = (
					"$(inherited)",
					"@executable_path/Frameworks",
				);
				PRODUCT_BUNDLE_IDENTIFIER = "com.knstz4.Person-UI";
				PRODUCT_NAME = "$(TARGET_NAME)";
				SWIFT_VERSION = 4.2;
				TARGETED_DEVICE_FAMILY = "1,2";
			};
			name = Release;
		};
		C77CA7BE2215DB3D004EE7D7 /* Debug */ = {
			isa = XCBuildConfiguration;
			buildSettings = {
				ALWAYS_EMBED_SWIFT_STANDARD_LIBRARIES = YES;
				CODE_SIGN_STYLE = Automatic;
				DEVELOPMENT_TEAM = W63P5UPSN5;
				INFOPLIST_FILE = "Person UIUITests/Info.plist";
				LD_RUNPATH_SEARCH_PATHS = (
					"$(inherited)",
					"@executable_path/Frameworks",
					"@loader_path/Frameworks",
				);
				PRODUCT_BUNDLE_IDENTIFIER = "com.knstz4.Person-UIUITests";
				PRODUCT_NAME = "$(TARGET_NAME)";
				SWIFT_VERSION = 4.2;
				TARGETED_DEVICE_FAMILY = "1,2";
				TEST_TARGET_NAME = "Person UI";
			};
			name = Debug;
		};
		C77CA7BF2215DB3D004EE7D7 /* Release */ = {
			isa = XCBuildConfiguration;
			buildSettings = {
				ALWAYS_EMBED_SWIFT_STANDARD_LIBRARIES = YES;
				CODE_SIGN_STYLE = Automatic;
				DEVELOPMENT_TEAM = W63P5UPSN5;
				INFOPLIST_FILE = "Person UIUITests/Info.plist";
				LD_RUNPATH_SEARCH_PATHS = (
					"$(inherited)",
					"@executable_path/Frameworks",
					"@loader_path/Frameworks",
				);
				PRODUCT_BUNDLE_IDENTIFIER = "com.knstz4.Person-UIUITests";
				PRODUCT_NAME = "$(TARGET_NAME)";
				SWIFT_VERSION = 4.2;
				TARGETED_DEVICE_FAMILY = "1,2";
				TEST_TARGET_NAME = "Person UI";
			};
			name = Release;
		};
/* End XCBuildConfiguration section */

/* Begin XCConfigurationList section */
		C77CA7952215DB3A004EE7D7 /* Build configuration list for PBXProject "Person UI" */ = {
			isa = XCConfigurationList;
			buildConfigurations = (
				C77CA7B82215DB3D004EE7D7 /* Debug */,
				C77CA7B92215DB3D004EE7D7 /* Release */,
			);
			defaultConfigurationIsVisible = 0;
			defaultConfigurationName = Release;
		};
		C77CA7BA2215DB3D004EE7D7 /* Build configuration list for PBXNativeTarget "Person UI" */ = {
			isa = XCConfigurationList;
			buildConfigurations = (
				C77CA7BB2215DB3D004EE7D7 /* Debug */,
				C77CA7BC2215DB3D004EE7D7 /* Release */,
			);
			defaultConfigurationIsVisible = 0;
			defaultConfigurationName = Release;
		};
		C77CA7BD2215DB3D004EE7D7 /* Build configuration list for PBXNativeTarget "Person UIUITests" */ = {
			isa = XCConfigurationList;
			buildConfigurations = (
				C77CA7BE2215DB3D004EE7D7 /* Debug */,
				C77CA7BF2215DB3D004EE7D7 /* Release */,
			);
			defaultConfigurationIsVisible = 0;
			defaultConfigurationName = Release;
		};
/* End XCConfigurationList section */

/* Begin XCVersionGroup section */
		C77CA7A42215DB3A004EE7D7 /* Person_UI.xcdatamodeld */ = {
			isa = XCVersionGroup;
			children = (
				C77CA7A52215DB3A004EE7D7 /* Person_UI.xcdatamodel */,
			);
			currentVersion = C77CA7A52215DB3A004EE7D7 /* Person_UI.xcdatamodel */;
			path = Person_UI.xcdatamodeld;
			sourceTree = "<group>";
			versionGroupType = wrapper.xcdatamodel;
		};
/* End XCVersionGroup section */
	};
	rootObject = C77CA7922215DB3A004EE7D7 /* Project object */;
}
